{
  "requires": true,
  "lockfileVersion": 1,
  "dependencies": {
    "@vant/weapp": {
      "version": "1.3.3",
      "resolved": "https://registry.npm.taobao.org/@vant/weapp/download/@vant/weapp-1.3.3.tgz",
      "integrity": "sha1-5phQQY+Z0r//dotMjIcSJx7te3U="
    },
    "miniprogram-skeleton": {
      "version": "1.0.3",
      "resolved": "https://registry.npm.taobao.org/miniprogram-skeleton/download/miniprogram-skeleton-1.0.3.tgz",
      "integrity": "sha1-qV09wbZ09dP+3e5QgTOWCxj2SK4="
    }
  }
}
